{
  "name": "trust-of-copilot-sync",
  "lockfileVersion": 3,
  "requires": true,
  "packages": {
    "": {
      "name": "trust-of-copilot-sync",
      "dependencies": {
        "@notionhq/client": "^5.15.0"
      }
    },
    "node_modules/@notionhq/client": {
      "version": "5.15.0",
      "resolved": "https://registry.npmjs.org/@notionhq/client/-/client-5.15.0.tgz",
      "integrity": "sha512-boQ+zMmTu/HRfPajynYjlXkytkmn0rUgD0FJrbMaz6n1WC6HPxe2Lgn/Ay/VEA2j2dMzB1Hpnhtrtkz4Q1I/rw==",
      "license": "MIT",
      "engines": {
        "node": ">=18"
      }
    }
  }
}
